// !$*UTF8*$!
{
	archiveVersion = 1;
	classes = {
	};
	objectVersion = 50;
	objects = {

/* Begin PBXBuildFile section */
		174201CC228918F5003876B4 /* AppDelegate.m in Sources */ = {isa = PBXBuildFile; fileRef = 174201CB228918F5003876B4 /* AppDelegate.m */; };
		174201CF228918F5003876B4 /* ViewController.m in Sources */ = {isa = PBXBuildFile; fileRef = 174201CE228918F5003876B4 /* ViewController.m */; };
		174201D2228918F5003876B4 /* Main.storyboard in Resources */ = {isa = PBXBuildFile; fileRef = 174201D0228918F5003876B4 /* Main.storyboard */; };
		174201D4228918F6003876B4 /* Assets.xcassets in Resources */ = {isa = PBXBuildFile; fileRef = 174201D3228918F6003876B4 /* Assets.xcassets */; };
		174201D7228918F6003876B4 /* LaunchScreen.storyboard in Resources */ = {isa = PBXBuildFile; fileRef = 174201D5228918F6003876B4 /* LaunchScreen.storyboard */; };
		174201DA228918F6003876B4 /* main.m in Sources */ = {isa = PBXBuildFile; fileRef = 174201D9228918F6003876B4 /* main.m */; };
		174201E222891927003876B4 /* AVFoundation.framework in Frameworks */ = {isa = PBXBuildFile; fileRef = 174201E122891927003876B4 /* AVFoundation.framework */; };
		174201E42289194B003876B4 /* CoreMedia.framework in Frameworks */ = {isa = PBXBuildFile; fileRef = 174201E32289194B003876B4 /* CoreMedia.framework */; };
/* End PBXBuildFile section */

/* Begin PBXFileReference section */
		174201C7228918F5003876B4 /* FaceTest.app */ = {isa = PBXFileReference; explicitFileType = wrapper.application; includeInIndex = 0; path = FaceTest.app; sourceTree = BUILT_PRODUCTS_DIR; };
		174201CA228918F5003876B4 /* AppDelegate.h */ = {isa = PBXFileReference; lastKnownFileType = sourcecode.c.h; path = AppDelegate.h; sourceTree = "<group>"; };
		174201CB228918F5003876B4 /* AppDelegate.m */ = {isa = PBXFileReference; lastKnownFileType = sourcecode.c.objc; path = AppDelegate.m; sourceTree = "<group>"; };
		174201CD228918F5003876B4 /* ViewController.h */ = {isa = PBXFileReference; lastKnownFileType = sourcecode.c.h; path = ViewController.h; sourceTree = "<group>"; };
		174201CE228918F5003876B4 /* ViewController.m */ = {isa = PBXFileReference; lastKnownFileType = sourcecode.c.objc; path = ViewController.m; sourceTree = "<group>"; };
		174201D1228918F5003876B4 /* Base */ = {isa = PBXFileReference; lastKnownFileType = file.storyboard; name = Base; path = Base.lproj/Main.storyboard; sourceTree = "<group>"; };
		174201D3228918F6003876B4 /* Assets.xcassets */ = {isa = PBXFileReference; lastKnownFileType = folder.assetcatalog; path = Assets.xcassets; sourceTree = "<group>"; };
		174201D6228918F6003876B4 /* Base */ = {isa = PBXFileReference; lastKnownFileType = file.storyboard; name = Base; path = Base.lproj/LaunchScreen.storyboard; sourceTree = "<group>"; };
		174201D8228918F6003876B4 /* Info.plist */ = {isa = PBXFileReference; lastKnownFileType = text.plist.xml; path = Info.plist; sourceTree = "<group>"; };
		174201D9228918F6003876B4 /* main.m */ = {isa = PBXFileReference; lastKnownFileType = sourcecode.c.objc; path = main.m; sourceTree = "<group>"; };
		174201E122891927003876B4 /* AVFoundation.framework */ = {isa = PBXFileReference; lastKnownFileType = wrapper.framework; name = AVFoundation.framework; path = System/Library/Frameworks/AVFoundation.framework; sourceTree = SDKROOT; };
		174201E32289194B003876B4 /* CoreMedia.framework */ = {isa = PBXFileReference; lastKnownFileType = wrapper.framework; name = CoreMedia.framework; path = System/Library/Frameworks/CoreMedia.framework; sourceTree = SDKROOT; };
/* End PBXFileReference section */

/* Begin PBXFrameworksBuildPhase section */
		174201C4228918F5003876B4 /* Frameworks */ = {
			isa = PBXFrameworksBuildPhase;
			buildActionMask = 2147483647;
			files = (
				174201E42289194B003876B4 /* CoreMedia.framework in Frameworks */,
				174201E222891927003876B4 /* AVFoundation.framework in Frameworks */,
			);
			runOnlyForDeploymentPostprocessing = 0;
		};
/* End PBXFrameworksBuildPhase section */

/* Begin PBXGroup section */
		174201BE228918F5003876B4 = {
			isa = PBXGroup;
			children = (
				174201C9228918F5003876B4 /* FaceTest */,
				174201C8228918F5003876B4 /* Products */,
				174201E022891927003876B4 /* Frameworks */,
			);
			sourceTree = "<group>";
		};
		174201C8228918F5003876B4 /* Products */ = {
			isa = PBXGroup;
			children = (
				174201C7228918F5003876B4 /* FaceTest.app */,
			);
			name = Products;
			sourceTree = "<group>";
		};
		174201C9228918F5003876B4 /* FaceTest */ = {
			isa = PBXGroup;
			children = (
				174201CA228918F5003876B4 /* AppDelegate.h */,
				174201CB228918F5003876B4 /* AppDelegate.m */,
				174201CD228918F5003876B4 /* ViewController.h */,
				174201CE228918F5003876B4 /* ViewController.m */,
				174201D0228918F5003876B4 /* Main.storyboard */,
				174201D3228918F6003876B4 /* Assets.xcassets */,
				174201D5228918F6003876B4 /* LaunchScreen.storyboard */,
				174201D8228918F6003876B4 /* Info.plist */,
				174201D9228918F6003876B4 /* main.m */,
			);
			path = FaceTest;
			sourceTree = "<group>";
		};
		174201E022891927003876B4 /* Frameworks */ = {
			isa = PBXGroup;
			children = (
				174201E32289194B003876B4 /* CoreMedia.framework */,
				174201E122891927003876B4 /* AVFoundation.framework */,
			);
			name = Frameworks;
			sourceTree = "<group>";
		};
/* End PBXGroup section */

/* Begin PBXNativeTarget section */
		174201C6228918F5003876B4 /* FaceTest */ = {
			isa = PBXNativeTarget;
			buildConfigurationList = 174201DD228918F6003876B4 /* Build configuration list for PBXNativeTarget "FaceTest" */;
			buildPhases = (
				174201C3228918F5003876B4 /* Sources */,
				174201C4228918F5003876B4 /* Frameworks */,
				174201C5228918F5003876B4 /* Resources */,
			);
			buildRules = (
			);
			dependencies = (
			);
			name = FaceTest;
			productName = FaceTest;
			productReference = 174201C7228918F5003876B4 /* FaceTest.app */;
			productType = "com.apple.product-type.application";
		};
/* End PBXNativeTarget section */

/* Begin PBXProject section */
		174201BF228918F5003876B4 /* Project object */ = {
			isa = PBXProject;
			attributes = {
				LastUpgradeCheck = 1010;
				ORGANIZATIONNAME = "BTI-HXW";
				TargetAttributes = {
					174201C6228918F5003876B4 = {
						CreatedOnToolsVersion = 10.1;
					};
				};
			};
			buildConfigurationList = 174201C2228918F5003876B4 /* Build configuration list for PBXProject "FaceTest" */;
			compatibilityVersion = "Xcode 9.3";
			developmentRegion = en;
			hasScannedForEncodings = 0;
			knownRegions = (
				en,
				Base,
			);
			mainGroup = 174201BE228918F5003876B4;
			productRefGroup = 174201C8228918F5003876B4 /* Products */;
			projectDirPath = "";
			projectRoot = "";
			targets = (
				174201C6228918F5003876B4 /* FaceTest */,
			);
		};
/* End PBXProject section */

/* Begin PBXResourcesBuildPhase section */
		174201C5228918F5003876B4 /* Resources */ = {
			isa = PBXResourcesBuildPhase;
			buildActionMask = 2147483647;
			files = (
				174201D7228918F6003876B4 /* LaunchScreen.storyboard in Resources */,
				174201D4228918F6003876B4 /* Assets.xcassets in Resources */,
				174201D2228918F5003876B4 /* Main.storyboard in Resources */,
			);
			runOnlyForDeploymentPostprocessing = 0;
		};
/* End PBXResourcesBuildPhase section */

/* Begin PBXSourcesBuildPhase section */
		174201C3228918F5003876B4 /* Sources */ = {
			isa = PBXSourcesBuildPhase;
			buildActionMask = 2147483647;
			files = (
				174201CF228918F5003876B4 /* ViewController.m in Sources */,
				174201DA228918F6003876B4 /* main.m in Sources */,
				174201CC228918F5003876B4 /* AppDelegate.m in Sources */,
			);
			runOnlyForDeploymentPostprocessing = 0;
		};
/* End PBXSourcesBuildPhase section */

/* Begin PBXVariantGroup section */
		174201D0228918F5003876B4 /* Main.storyboard */ = {
			isa = PBXVariantGroup;
			children = (
				174201D1228918F5003876B4 /* Base */,
			);
			name = Main.storyboard;
			sourceTree = "<group>";
		};
		174201D5228918F6003876B4 /* LaunchScreen.storyboard */ = {
			isa = PBXVariantGroup;
			children = (
				174201D6228918F6003876B4 /* Base */,
			);
			name = LaunchScreen.storyboard;
			sourceTree = "<group>";
		};
/* End PBXVariantGroup section */

/* Begin XCBuildConfiguration section */
		174201DB228918F6003876B4 /* Debug */ = {
			isa = XCBuildConfiguration;
			buildSettings = {
				ALWAYS_SEARCH_USER_PATHS = NO;
				CLANG_ANALYZER_NONNULL = YES;
				CLANG_ANALYZER_NUMBER_OBJECT_CONVERSION = YES_AGGRESSIVE;
				CLANG_CXX_LANGUAGE_STANDARD = "gnu++14";
				CLANG_CXX_LIBRARY = "libc++";
				CLANG_ENABLE_MODULES = YES;
				CLANG_ENABLE_OBJC_ARC = YES;
				CLANG_ENABLE_OBJC_WEAK = YES;
				CLANG_WARN_BLOCK_CAPTURE_AUTORELEASING = YES;
				CLANG_WARN_BOOL_CONVERSION = YES;
				CLANG_WARN_COMMA = YES;
				CLANG_WARN_CONSTANT_CONVERSION = YES;
				CLANG_WARN_DEPRECATED_OBJC_IMPLEMENTATIONS = YES;
				CLANG_WARN_DIRECT_OBJC_ISA_USAGE = YES_ERROR;
				CLANG_WARN_DOCUMENTATION_COMMENTS = YES;
				CLANG_WARN_EMPTY_BODY = YES;
				CLANG_WARN_ENUM_CONVERSION = YES;
				CLANG_WARN_INFINITE_RECURSION = YES;
				CLANG_WARN_INT_CONVERSION = YES;
				CLANG_WARN_NON_LITERAL_NULL_CONVERSION = YES;
				CLANG_WARN_OBJC_IMPLICIT_RETAIN_SELF = YES;
				CLANG_WARN_OBJC_LITERAL_CONVERSION = YES;
				CLANG_WARN_OBJC_ROOT_CLASS = YES_ERROR;
				CLANG_WARN_RANGE_LOOP_ANALYSIS = YES;
				CLANG_WARN_STRICT_PROTOTYPES = YES;
				CLANG_WARN_SUSPICIOUS_MOVE = YES;
				CLANG_WARN_UNGUARDED_AVAILABILITY = YES_AGGRESSIVE;
				CLANG_WARN_UNREACHABLE_CODE = YES;
				CLANG_WARN__DUPLICATE_METHOD_MATCH = YES;
				CODE_SIGN_IDENTITY = "iPhone Developer";
				COPY_PHASE_STRIP = NO;
				DEBUG_INFORMATION_FORMAT = dwarf;
				ENABLE_STRICT_OBJC_MSGSEND = YES;
				ENABLE_TESTABILITY = YES;
				GCC_C_LANGUAGE_STANDARD = gnu11;
				GCC_DYNAMIC_NO_PIC = NO;
				GCC_NO_COMMON_BLOCKS = YES;
				GCC_OPTIMIZATION_LEVEL = 0;
				GCC_PREPROCESSOR_DEFINITIONS = (
					"DEBUG=1",
					"$(inherited)",
				);
				GCC_WARN_64_TO_32_BIT_CONVERSION = YES;
				GCC_WARN_ABOUT_RETURN_TYPE = YES_ERROR;
				GCC_WARN_UNDECLARED_SELECTOR = YES;
				GCC_WARN_UNINITIALIZED_AUTOS = YES_AGGRESSIVE;
				GCC_WARN_UNUSED_FUNCTION = YES;
				GCC_WARN_UNUSED_VARIABLE = YES;
				IPHONEOS_DEPLOYMENT_TARGET = 12.1;
				MTL_ENABLE_DEBUG_INFO = INCLUDE_SOURCE;
				MTL_FAST_MATH = YES;
				ONLY_ACTIVE_ARCH = YES;
				SDKROOT = iphoneos;
			};
			name = Debug;
		};
		174201DC228918F6003876B4 /* Release */ = {
			isa = XCBuildConfiguration;
			buildSettings = {
				ALWAYS_SEARCH_USER_PATHS = NO;
				CLANG_ANALYZER_NONNULL = YES;
				CLANG_ANALYZER_NUMBER_OBJECT_CONVERSION = YES_AGGRESSIVE;
				CLANG_CXX_LANGUAGE_STANDARD = "gnu++14";
				CLANG_CXX_LIBRARY = "libc++";
				CLANG_ENABLE_MODULES = YES;
				CLANG_ENABLE_OBJC_ARC = YES;
				CLANG_ENABLE_OBJC_WEAK = YES;
				CLANG_WARN_BLOCK_CAPTURE_AUTORELEASING = YES;
				CLANG_WARN_BOOL_CONVERSION = YES;
				CLANG_WARN_COMMA = YES;
				CLANG_WARN_CONSTANT_CONVERSION = YES;
				CLANG_WARN_DEPRECATED_OBJC_IMPLEMENTATIONS = YES;
				CLANG_WARN_DIRECT_OBJC_ISA_USAGE = YES_ERROR;
				CLANG_WARN_DOCUMENTATION_COMMENTS = YES;
				CLANG_WARN_EMPTY_BODY = YES;
				CLANG_WARN_ENUM_CONVERSION = YES;
				CLANG_WARN_INFINITE_RECURSION = YES;
				CLANG_WARN_INT_CONVERSION = YES;
				CLANG_WARN_NON_LITERAL_NULL_CONVERSION = YES;
				CLANG_WARN_OBJC_IMPLICIT_RETAIN_SELF = YES;
				CLANG_WARN_OBJC_LITERAL_CONVERSION = YES;
				CLANG_WARN_OBJC_ROOT_CLASS = YES_ERROR;
				CLANG_WARN_RANGE_LOOP_ANALYSIS = YES;
				CLANG_WARN_STRICT_PROTOTYPES = YES;
				CLANG_WARN_SUSPICIOUS_MOVE = YES;
				CLANG_WARN_UNGUARDED_AVAILABILITY = YES_AGGRESSIVE;
				CLANG_WARN_UNREACHABLE_CODE = YES;
				CLANG_WARN__DUPLICATE_METHOD_MATCH = YES;
				CODE_SIGN_IDENTITY = "iPhone Developer";
				COPY_PHASE_STRIP = NO;
				DEBUG_INFORMATION_FORMAT = "dwarf-with-dsym";
				ENABLE_NS_ASSERTIONS = NO;
				ENABLE_STRICT_OBJC_MSGSEND = YES;
				GCC_C_LANGUAGE_STANDARD = gnu11;
				GCC_NO_COMMON_BLOCKS = YES;
				GCC_WARN_64_TO_32_BIT_CONVERSION = YES;
				GCC_WARN_ABOUT_RETURN_TYPE = YES_ERROR;
				GCC_WARN_UNDECLARED_SELECTOR = YES;
				GCC_WARN_UNINITIALIZED_AUTOS = YES_AGGRESSIVE;
				GCC_WARN_UNUSED_FUNCTION = YES;
				GCC_WARN_UNUSED_VARIABLE = YES;
				IPHONEOS_DEPLOYMENT_TARGET = 12.1;
				MTL_ENABLE_DEBUG_INFO = NO;
				MTL_FAST_MATH = YES;
				SDKROOT = iphoneos;
				VALIDATE_PRODUCT = YES;
			};
			name = Release;
		};
		174201DE228918F6003876B4 /* Debug */ = {
			isa = XCBuildConfiguration;
			buildSettings = {
				ASSETCATALOG_COMPILER_APPICON_NAME = AppIcon;
				CODE_SIGN_STYLE = Automatic;
				DEVELOPMENT_TEAM = NTR5SMTC54;
				INFOPLIST_FILE = FaceTest/Info.plist;
				IPHONEOS_DEPLOYMENT_TARGET = 9.0;
				LD_RUNPATH_SEARCH_PATHS = (
					"$(inherited)",
					"@executable_path/Frameworks",
				);
				PRODUCT_BUNDLE_IDENTIFIER = xinwenhu.com.FaceTest;
				PRODUCT_NAME = "$(TARGET_NAME)";
				TARGETED_DEVICE_FAMILY = 1;
			};
			name = Debug;
		};
		174201DF228918F6003876B4 /* Release */ = {
			isa = XCBuildConfiguration;
			buildSettings = {
				ASSETCATALOG_COMPILER_APPICON_NAME = AppIcon;
				CODE_SIGN_STYLE = Automatic;
				DEVELOPMENT_TEAM = NTR5SMTC54;
				INFOPLIST_FILE = FaceTest/Info.plist;
				IPHONEOS_DEPLOYMENT_TARGET = 9.0;
				LD_RUNPATH_SEARCH_PATHS = (
					"$(inherited)",
					"@executable_path/Frameworks",
				);
				PRODUCT_BUNDLE_IDENTIFIER = xinwenhu.com.FaceTest;
				PRODUCT_NAME = "$(TARGET_NAME)";
				TARGETED_DEVICE_FAMILY = 1;
			};
			name = Release;
		};
/* End XCBuildConfiguration section */

/* Begin XCConfigurationList section */
		174201C2228918F5003876B4 /* Build configuration list for PBXProject "FaceTest" */ = {
			isa = XCConfigurationList;
			buildConfigurations = (
				174201DB228918F6003876B4 /* Debug */,
				174201DC228918F6003876B4 /* Release */,
			);
			defaultConfigurationIsVisible = 0;
			defaultConfigurationName = Release;
		};
		174201DD228918F6003876B4 /* Build configuration list for PBXNativeTarget "FaceTest" */ = {
			isa = XCConfigurationList;
			buildConfigurations = (
				174201DE228918F6003876B4 /* Debug */,
				174201DF228918F6003876B4 /* Release */,
			);
			defaultConfigurationIsVisible = 0;
			defaultConfigurationName = Release;
		};
/* End XCConfigurationList section */
	};
	rootObject = 174201BF228918F5003876B4 /* Project object */;
}
